{
  "name": "duohacker",
  "version": "1.0.8",
  "lockfileVersion": 3,
  "requires": true,
  "packages": {
    "": {
      "name": "duohacker",
      "version": "1.0.8",
      "license": "ISC",
      "devDependencies": {
        "@rollup/plugin-multi-entry": "^6.0.1",
        "rollup": "^4.14.1",
        "userscript-meta": "^1.0.1"
      }
    },
    "node_modules/@rollup/plugin-multi-entry": {
      "version": "6.0.1",
      "resolved": "https://registry.npmjs.org/@rollup/plugin-multi-entry/-/plugin-multi-entry-6.0.1.tgz",
      "integrity": "sha512-AXm6toPyTSfbYZWghQGbom1Uh7dHXlrGa+HoiYNhQtDUE3Q7LqoUYdVQx9E1579QWS1uOiu+cZRSE4okO7ySgw==",
      "dev": true,
      "dependencies": {
        "@rollup/plugin-virtual": "^3.0.0",
        "matched": "^5.0.1"
      },
      "engines": {
        "node": ">=14.0.0"
      },
      "peerDependencies": {
        "rollup": "^1.20.0||^2.0.0||^3.0.0||^4.0.0"
      },
      "peerDependenciesMeta": {
        "rollup": {
          "optional": true
        }
      }
    },
    "node_modules/@rollup/plugin-virtual": {
      "version": "3.0.2",
      "resolved": "https://registry.npmjs.org/@rollup/plugin-virtual/-/plugin-virtual-3.0.2.tgz",
      "integrity": "sha512-10monEYsBp3scM4/ND4LNH5Rxvh3e/cVeL3jWTgZ2SrQ+BmUoQcopVQvnaMcOnykb1VkxUFuDAN+0FnpTFRy2A==",
      "dev": true,
      "engines": {
        "node": ">=14.0.0"
      },
      "peerDependencies": {
        "rollup": "^1.20.0||^2.0.0||^3.0.0||^4.0.0"
      },
      "peerDependenciesMeta": {
        "rollup": {
          "optional": true
        }
      }
    },
    "node_modules/@rollup/rollup-android-arm-eabi": {
      "version": "4.14.1",
      "resolved": "https://registry.npmjs.org/@rollup/rollup-android-arm-eabi/-/rollup-android-arm-eabi-4.14.1.tgz",
      "integrity": "sha512-fH8/o8nSUek8ceQnT7K4EQbSiV7jgkHq81m9lWZFIXjJ7lJzpWXbQFpT/Zh6OZYnpFykvzC3fbEvEAFZu03dPA==",
      "cpu": [
        "arm"
      ],
      "dev": true,
      "optional": true,
      "os": [
        "android"
      ]
    },
    "node_modules/@rollup/rollup-android-arm64": {
      "version": "4.14.1",
      "resolved": "https://registry.npmjs.org/@rollup/rollup-android-arm64/-/rollup-android-arm64-4.14.1.tgz",
      "integrity": "sha512-Y/9OHLjzkunF+KGEoJr3heiD5X9OLa8sbT1lm0NYeKyaM3oMhhQFvPB0bNZYJwlq93j8Z6wSxh9+cyKQaxS7PQ==",
      "cpu": [
        "arm64"
      ],
      "dev": true,
      "optional": true,
      "os": [
        "android"
      ]
    },
    "node_modules/@rollup/rollup-darwin-arm64": {
      "version": "4.14.1",
      "resolved": "https://registry.npmjs.org/@rollup/rollup-darwin-arm64/-/rollup-darwin-arm64-4.14.1.tgz",
      "integrity": "sha512-+kecg3FY84WadgcuSVm6llrABOdQAEbNdnpi5X3UwWiFVhZIZvKgGrF7kmLguvxHNQy+UuRV66cLVl3S+Rkt+Q==",
      "cpu": [
        "arm64"
      ],
      "dev": true,
      "optional": true,
      "os": [
        "darwin"
      ]
    },
    "node_modules/@rollup/rollup-darwin-x64": {
      "version": "4.14.1",
      "resolved": "https://registry.npmjs.org/@rollup/rollup-darwin-x64/-/rollup-darwin-x64-4.14.1.tgz",
      "integrity": "sha512-2pYRzEjVqq2TB/UNv47BV/8vQiXkFGVmPFwJb+1E0IFFZbIX8/jo1olxqqMbo6xCXf8kabANhp5bzCij2tFLUA==",
      "cpu": [
        "x64"
      ],
      "dev": true,
      "optional": true,
      "os": [
        "darwin"
      ]
    },
    "node_modules/@rollup/rollup-linux-arm-gnueabihf": {
      "version": "4.14.1",
      "resolved": "https://registry.npmjs.org/@rollup/rollup-linux-arm-gnueabihf/-/rollup-linux-arm-gnueabihf-4.14.1.tgz",
      "integrity": "sha512-mS6wQ6Do6/wmrF9aTFVpIJ3/IDXhg1EZcQFYHZLHqw6AzMBjTHWnCG35HxSqUNphh0EHqSM6wRTT8HsL1C0x5g==",
      "cpu": [
        "arm"
      ],
      "dev": true,
      "optional": true,
      "os": [
        "linux"
      ]
    },
    "node_modules/@rollup/rollup-linux-arm64-gnu": {
      "version": "4.14.1",
      "resolved": "https://registry.npmjs.org/@rollup/rollup-linux-arm64-gnu/-/rollup-linux-arm64-gnu-4.14.1.tgz",
      "integrity": "sha512-p9rGKYkHdFMzhckOTFubfxgyIO1vw//7IIjBBRVzyZebWlzRLeNhqxuSaZ7kCEKVkm/kuC9fVRW9HkC/zNRG2w==",
      "cpu": [
        "arm64"
      ],
      "dev": true,
      "optional": true,
      "os": [
        "linux"
      ]
    },
    "node_modules/@rollup/rollup-linux-arm64-musl": {
      "version": "4.14.1",
      "resolved": "https://registry.npmjs.org/@rollup/rollup-linux-arm64-musl/-/rollup-linux-arm64-musl-4.14.1.tgz",
      "integrity": "sha512-nDY6Yz5xS/Y4M2i9JLQd3Rofh5OR8Bn8qe3Mv/qCVpHFlwtZSBYSPaU4mrGazWkXrdQ98GB//H0BirGR/SKFSw==",
      "cpu": [
        "arm64"
      ],
      "dev": true,
      "optional": true,
      "os": [
        "linux"
      ]
    },
    "node_modules/@rollup/rollup-linux-powerpc64le-gnu": {
      "version": "4.14.1",
      "resolved": "https://registry.npmjs.org/@rollup/rollup-linux-powerpc64le-gnu/-/rollup-linux-powerpc64le-gnu-4.14.1.tgz",
      "integrity": "sha512-im7HE4VBL+aDswvcmfx88Mp1soqL9OBsdDBU8NqDEYtkri0qV0THhQsvZtZeNNlLeCUQ16PZyv7cqutjDF35qw==",
      "cpu": [
        "ppc64le"
      ],
      "dev": true,
      "optional": true,
      "os": [
        "linux"
      ]
    },
    "node_modules/@rollup/rollup-linux-riscv64-gnu": {
      "version": "4.14.1",
      "resolved": "https://registry.npmjs.org/@rollup/rollup-linux-riscv64-gnu/-/rollup-linux-riscv64-gnu-4.14.1.tgz",
      "integrity": "sha512-RWdiHuAxWmzPJgaHJdpvUUlDz8sdQz4P2uv367T2JocdDa98iRw2UjIJ4QxSyt077mXZT2X6pKfT2iYtVEvOFw==",
      "cpu": [
        "riscv64"
      ],
      "dev": true,
      "optional": true,
      "os": [
        "linux"
      ]
    },
    "node_modules/@rollup/rollup-linux-s390x-gnu": {
      "version": "4.14.1",
      "resolved": "https://registry.npmjs.org/@rollup/rollup-linux-s390x-gnu/-/rollup-linux-s390x-gnu-4.14.1.tgz",
      "integrity": "sha512-VMgaGQ5zRX6ZqV/fas65/sUGc9cPmsntq2FiGmayW9KMNfWVG/j0BAqImvU4KTeOOgYSf1F+k6at1UfNONuNjA==",
      "cpu": [
        "s390x"
      ],
      "dev": true,
      "optional": true,
      "os": [
        "linux"
      ]
    },
    "node_modules/@rollup/rollup-linux-x64-gnu": {
      "version": "4.14.1",
      "resolved": "https://registry.npmjs.org/@rollup/rollup-linux-x64-gnu/-/rollup-linux-x64-gnu-4.14.1.tgz",
      "integrity": "sha512-9Q7DGjZN+hTdJomaQ3Iub4m6VPu1r94bmK2z3UeWP3dGUecRC54tmVu9vKHTm1bOt3ASoYtEz6JSRLFzrysKlA==",
      "cpu": [
        "x64"
      ],
      "dev": true,
      "optional": true,
      "os": [
        "linux"
      ]
    },
    "node_modules/@rollup/rollup-linux-x64-musl": {
      "version": "4.14.1",
      "resolved": "https://registry.npmjs.org/@rollup/rollup-linux-x64-musl/-/rollup-linux-x64-musl-4.14.1.tgz",
      "integrity": "sha512-JNEG/Ti55413SsreTguSx0LOVKX902OfXIKVg+TCXO6Gjans/k9O6ww9q3oLGjNDaTLxM+IHFMeXy/0RXL5R/g==",
      "cpu": [
        "x64"
      ],
      "dev": true,
      "optional": true,
      "os": [
        "linux"
      ]
    },
    "node_modules/@rollup/rollup-win32-arm64-msvc": {
      "version": "4.14.1",
      "resolved": "https://registry.npmjs.org/@rollup/rollup-win32-arm64-msvc/-/rollup-win32-arm64-msvc-4.14.1.tgz",
      "integrity": "sha512-ryS22I9y0mumlLNwDFYZRDFLwWh3aKaC72CWjFcFvxK0U6v/mOkM5Up1bTbCRAhv3kEIwW2ajROegCIQViUCeA==",
      "cpu": [
        "arm64"
      ],
      "dev": true,
      "optional": true,
      "os": [
        "win32"
      ]
    },
    "node_modules/@rollup/rollup-win32-ia32-msvc": {
      "version": "4.14.1",
      "resolved": "https://registry.npmjs.org/@rollup/rollup-win32-ia32-msvc/-/rollup-win32-ia32-msvc-4.14.1.tgz",
      "integrity": "sha512-TdloItiGk+T0mTxKx7Hp279xy30LspMso+GzQvV2maYePMAWdmrzqSNZhUpPj3CGw12aGj57I026PgLCTu8CGg==",
      "cpu": [
        "ia32"
      ],
      "dev": true,
      "optional": true,
      "os": [
        "win32"
      ]
    },
    "node_modules/@rollup/rollup-win32-x64-msvc": {
      "version": "4.14.1",
      "resolved": "https://registry.npmjs.org/@rollup/rollup-win32-x64-msvc/-/rollup-win32-x64-msvc-4.14.1.tgz",
      "integrity": "sha512-wQGI+LY/Py20zdUPq+XCem7JcPOyzIJBm3dli+56DJsQOHbnXZFEwgmnC6el1TPAfC8lBT3m+z69RmLykNUbew==",
      "cpu": [
        "x64"
      ],
      "dev": true,
      "optional": true,
      "os": [
        "win32"
      ]
    },
    "node_modules/@types/estree": {
      "version": "1.0.5",
      "resolved": "https://registry.npmjs.org/@types/estree/-/estree-1.0.5.tgz",
      "integrity": "sha512-/kYRxGDLWzHOB7q+wtSUQlFrtcdUccpfy+X+9iMBpHK8QLLhx2wIPYuS5DYtR9Wa/YlZAbIovy7qVdB1Aq6Lyw==",
      "dev": true
    },
    "node_modules/balanced-match": {
      "version": "1.0.2",
      "resolved": "https://registry.npmjs.org/balanced-match/-/balanced-match-1.0.2.tgz",
      "integrity": "sha512-3oSeUO0TMV67hN1AmbXsK4yaqU7tjiHlbxRDZOpH0KW9+CeX4bRAaX0Anxt0tx2MrpRpWwQaPwIlISEJhYU5Pw==",
      "dev": true
    },
    "node_modules/brace-expansion": {
      "version": "1.1.11",
      "resolved": "https://registry.npmjs.org/brace-expansion/-/brace-expansion-1.1.11.tgz",
      "integrity": "sha512-iCuPHDFgrHX7H2vEI/5xpz07zSHB00TpugqhmYtVmMO6518mCuRMoOYFldEBl0g187ufozdaHgWKcYFb61qGiA==",
      "dev": true,
      "dependencies": {
        "balanced-match": "^1.0.0",
        "concat-map": "0.0.1"
      }
    },
    "node_modules/concat-map": {
      "version": "0.0.1",
      "resolved": "https://registry.npmjs.org/concat-map/-/concat-map-0.0.1.tgz",
      "integrity": "sha512-/Srv4dswyQNBfohGpz9o6Yb3Gz3SrUDqBH5rTuhGR7ahtlbYKnVxw2bCFMRljaA7EXHaXZ8wsHdodFvbkhKmqg==",
      "dev": true
    },
    "node_modules/fs.realpath": {
      "version": "1.0.0",
      "resolved": "https://registry.npmjs.org/fs.realpath/-/fs.realpath-1.0.0.tgz",
      "integrity": "sha512-OO0pH2lK6a0hZnAdau5ItzHPI6pUlvI7jMVnxUQRtw4owF2wk8lOSabtGDCTP4Ggrg2MbGnWO9X8K1t4+fGMDw==",
      "dev": true
    },
    "node_modules/fsevents": {
      "version": "2.3.3",
      "resolved": "https://registry.npmjs.org/fsevents/-/fsevents-2.3.3.tgz",
      "integrity": "sha512-5xoDfX+fL7faATnagmWPpbFtwh/R77WmMMqqHGS65C3vvB0YHrgF+B1YmZ3441tMj5n63k0212XNoJwzlhffQw==",
      "dev": true,
      "hasInstallScript": true,
      "optional": true,
      "os": [
        "darwin"
      ],
      "engines": {
        "node": "^8.16.0 || ^10.6.0 || >=11.0.0"
      }
    },
    "node_modules/glob": {
      "version": "7.2.3",
      "resolved": "https://registry.npmjs.org/glob/-/glob-7.2.3.tgz",
      "integrity": "sha512-nFR0zLpU2YCaRxwoCJvL6UvCH2JFyFVIvwTLsIf21AuHlMskA1hhTdk+LlYJtOlYt9v6dvszD2BGRqBL+iQK9Q==",
      "dev": true,
      "dependencies": {
        "fs.realpath": "^1.0.0",
        "inflight": "^1.0.4",
        "inherits": "2",
        "minimatch": "^3.1.1",
        "once": "^1.3.0",
        "path-is-absolute": "^1.0.0"
      },
      "engines": {
        "node": "*"
      },
      "funding": {
        "url": "https://github.com/sponsors/isaacs"
      }
    },
    "node_modules/inflight": {
      "version": "1.0.6",
      "resolved": "https://registry.npmjs.org/inflight/-/inflight-1.0.6.tgz",
      "integrity": "sha512-k92I/b08q4wvFscXCLvqfsHCrjrF7yiXsQuIVvVE7N82W3+aqpzuUdBbfhWcy/FZR3/4IgflMgKLOsvPDrGCJA==",
      "dev": true,
      "dependencies": {
        "once": "^1.3.0",
        "wrappy": "1"
      }
    },
    "node_modules/inherits": {
      "version": "2.0.4",
      "resolved": "https://registry.npmjs.org/inherits/-/inherits-2.0.4.tgz",
      "integrity": "sha512-k/vGaX4/Yla3WzyMCvTQOXYeIHvqOKtnqBduzTHpzpQZzAskKMhZ2K+EnBiSM9zGSoIFeMpXKxa4dYeZIQqewQ==",
      "dev": true
    },
    "node_modules/matched": {
      "version": "5.0.1",
      "resolved": "https://registry.npmjs.org/matched/-/matched-5.0.1.tgz",
      "integrity": "sha512-E1fhSTPRyhAlNaNvGXAgZQlq1hL0bgYMTk/6bktVlIhzUnX/SZs7296ACdVeNJE8xFNGSuvd9IpI7vSnmcqLvw==",
      "dev": true,
      "dependencies": {
        "glob": "^7.1.6",
        "picomatch": "^2.2.1"
      },
      "engines": {
        "node": ">=10"
      },
      "funding": {
        "url": "https://github.com/sponsors/jonschlinkert"
      }
    },
    "node_modules/minimatch": {
      "version": "3.1.2",
      "resolved": "https://registry.npmjs.org/minimatch/-/minimatch-3.1.2.tgz",
      "integrity": "sha512-J7p63hRiAjw1NDEww1W7i37+ByIrOWO5XQQAzZ3VOcL0PNybwpfmV/N05zFAzwQ9USyEcX6t3UO+K5aqBQOIHw==",
      "dev": true,
      "dependencies": {
        "brace-expansion": "^1.1.7"
      },
      "engines": {
        "node": "*"
      }
    },
    "node_modules/once": {
      "version": "1.4.0",
      "resolved": "https://registry.npmjs.org/once/-/once-1.4.0.tgz",
      "integrity": "sha512-lNaJgI+2Q5URQBkccEKHTQOPaXdUxnZZElQTZY0MFUAuaEqe1E+Nyvgdz/aIyNi6Z9MzO5dv1H8n58/GELp3+w==",
      "dev": true,
      "dependencies": {
        "wrappy": "1"
      }
    },
    "node_modules/path-is-absolute": {
      "version": "1.0.1",
      "resolved": "https://registry.npmjs.org/path-is-absolute/-/path-is-absolute-1.0.1.tgz",
      "integrity": "sha512-AVbw3UJ2e9bq64vSaS9Am0fje1Pa8pbGqTTsmXfaIiMpnr5DlDhfJOuLj9Sf95ZPVDAUerDfEk88MPmPe7UCQg==",
      "dev": true,
      "engines": {
        "node": ">=0.10.0"
      }
    },
    "node_modules/picomatch": {
      "version": "2.3.1",
      "resolved": "https://registry.npmjs.org/picomatch/-/picomatch-2.3.1.tgz",
      "integrity": "sha512-JU3teHTNjmE2VCGFzuY8EXzCDVwEqB2a8fsIvwaStHhAWJEeVd1o1QD80CU6+ZdEXXSLbSsuLwJjkCBWqRQUVA==",
      "dev": true,
      "engines": {
        "node": ">=8.6"
      },
      "funding": {
        "url": "https://github.com/sponsors/jonschlinkert"
      }
    },
    "node_modules/rollup": {
      "version": "4.14.1",
      "resolved": "https://registry.npmjs.org/rollup/-/rollup-4.14.1.tgz",
      "integrity": "sha512-4LnHSdd3QK2pa1J6dFbfm1HN0D7vSK/ZuZTsdyUAlA6Rr1yTouUTL13HaDOGJVgby461AhrNGBS7sCGXXtT+SA==",
      "dev": true,
      "dependencies": {
        "@types/estree": "1.0.5"
      },
      "bin": {
        "rollup": "dist/bin/rollup"
      },
      "engines": {
        "node": ">=18.0.0",
        "npm": ">=8.0.0"
      },
      "optionalDependencies": {
        "@rollup/rollup-android-arm-eabi": "4.14.1",
        "@rollup/rollup-android-arm64": "4.14.1",
        "@rollup/rollup-darwin-arm64": "4.14.1",
        "@rollup/rollup-darwin-x64": "4.14.1",
        "@rollup/rollup-linux-arm-gnueabihf": "4.14.1",
        "@rollup/rollup-linux-arm64-gnu": "4.14.1",
        "@rollup/rollup-linux-arm64-musl": "4.14.1",
        "@rollup/rollup-linux-powerpc64le-gnu": "4.14.1",
        "@rollup/rollup-linux-riscv64-gnu": "4.14.1",
        "@rollup/rollup-linux-s390x-gnu": "4.14.1",
        "@rollup/rollup-linux-x64-gnu": "4.14.1",
        "@rollup/rollup-linux-x64-musl": "4.14.1",
        "@rollup/rollup-win32-arm64-msvc": "4.14.1",
        "@rollup/rollup-win32-ia32-msvc": "4.14.1",
        "@rollup/rollup-win32-x64-msvc": "4.14.1",
        "fsevents": "~2.3.2"
      }
    },
    "node_modules/userscript-meta": {
      "version": "1.0.1",
      "resolved": "https://registry.npmjs.org/userscript-meta/-/userscript-meta-1.0.1.tgz",
      "integrity": "sha512-jgfve+ZReUyo+t7pmu9sQPyLzsU5qVWW30tYp5iXQsW2BZg78ezOCZU7jMxkyN2BKnsDeaYKMfisU/JerXXCbg==",
      "dev": true
    },
    "node_modules/wrappy": {
      "version": "1.0.2",
      "resolved": "https://registry.npmjs.org/wrappy/-/wrappy-1.0.2.tgz",
      "integrity": "sha512-l4Sp/DRseor9wL6EvV2+TuQn63dMkPjZ/sp9XkghTEbV9KlPS1xUsZ3u7/IQO4wxtcFB4bgpQPRcR3QCvezPcQ==",
      "dev": true
    }
  }
}
